<Solution>
  <Folder Name="/API/" />
  <Folder Name="/Core/">
    <Project Path="CleanTheet.Domain/CleanTheet.Domain.csproj" />
  </Folder>
  <Folder Name="/Infrastructure/" />
  <Folder Name="/Testing/">
    <Project Path="CleanTheet.Tests/CleanTheet.Tests.csproj" Id="0c8250f8-dbe8-4059-a96d-3a4d04fb6315" />
  </Folder>
</Solution>
